#MicroXplorer Configuration settings - do not modify
File.Version=6
I2C4.I2C_Coeff_DF=0
I2C4.I2C_Fall_Time=0
I2C4.I2C_Rise_Time=0
I2C4.IPParameters=Timing,I2C_Rise_Time,I2C_Fall_Time,I2C_Coeff_DF,Speed
I2C4.Speed=100
I2C4.Timing=0x20807DBD
KeepUserPlacement=false
Mcu.Family=STM32H7
Mcu.IP0=CORTEX_M7
Mcu.IP1=I2C4
Mcu.IP10=USB_OTG_FS
Mcu.IP2=NVIC
Mcu.IP3=RCC
Mcu.IP4=SPI1
Mcu.IP5=SPI3
Mcu.IP6=SYS
Mcu.IP7=TIM2
Mcu.IP8=USART2
Mcu.IP9=USB_DEVICE
Mcu.IPNb=11
Mcu.Name=STM32H743ZITx
Mcu.Package=LQFP144
Mcu.Pin0=PE2
Mcu.Pin1=PE3
Mcu.Pin10=PF2
Mcu.Pin100=PG11
Mcu.Pin101=PG12
Mcu.Pin102=PG13
Mcu.Pin103=PG14
Mcu.Pin104=PG15
Mcu.Pin105=PB3
Mcu.Pin106=PB4
Mcu.Pin107=PB5
Mcu.Pin108=PB6
Mcu.Pin109=PB7
Mcu.Pin11=PF3
Mcu.Pin110=PB8
Mcu.Pin111=PB9
Mcu.Pin112=PE0
Mcu.Pin113=PE1
Mcu.Pin114=VP_SYS_VS_Systick
Mcu.Pin115=VP_TIM2_VS_ClockSourceINT
Mcu.Pin116=VP_USB_DEVICE_VS_USB_DEVICE_CDC_FS
Mcu.Pin12=PF4
Mcu.Pin13=PF5
Mcu.Pin14=PF6
Mcu.Pin15=PF7
Mcu.Pin16=PF8
Mcu.Pin17=PF9
Mcu.Pin18=PF10
Mcu.Pin19=PH0-OSC_IN
Mcu.Pin2=PE4
Mcu.Pin20=PH1-OSC_OUT
Mcu.Pin21=PC0
Mcu.Pin22=PC1
Mcu.Pin23=PC2_C
Mcu.Pin24=PC3_C
Mcu.Pin25=PA0-WKUP
Mcu.Pin26=PA1
Mcu.Pin27=PA2
Mcu.Pin28=PA3
Mcu.Pin29=PA4
Mcu.Pin3=PE5
Mcu.Pin30=PA5
Mcu.Pin31=PA6
Mcu.Pin32=PA7
Mcu.Pin33=PC4
Mcu.Pin34=PC5
Mcu.Pin35=PB0
Mcu.Pin36=PB1
Mcu.Pin37=PB2
Mcu.Pin38=PF11
Mcu.Pin39=PF12
Mcu.Pin4=PE6
Mcu.Pin40=PF13
Mcu.Pin41=PF14
Mcu.Pin42=PF15
Mcu.Pin43=PG0
Mcu.Pin44=PG1
Mcu.Pin45=PE7
Mcu.Pin46=PE8
Mcu.Pin47=PE9
Mcu.Pin48=PE10
Mcu.Pin49=PE11
Mcu.Pin5=PC13
Mcu.Pin50=PE12
Mcu.Pin51=PE13
Mcu.Pin52=PE14
Mcu.Pin53=PE15
Mcu.Pin54=PB10
Mcu.Pin55=PB11
Mcu.Pin56=PB12
Mcu.Pin57=PB13
Mcu.Pin58=PB14
Mcu.Pin59=PB15
Mcu.Pin6=PC14-OSC32_IN
Mcu.Pin60=PD8
Mcu.Pin61=PD9
Mcu.Pin62=PD10
Mcu.Pin63=PD11
Mcu.Pin64=PD12
Mcu.Pin65=PD13
Mcu.Pin66=PD14
Mcu.Pin67=PD15
Mcu.Pin68=PG2
Mcu.Pin69=PG3
Mcu.Pin7=PC15-OSC32_OUT
Mcu.Pin70=PG4
Mcu.Pin71=PG5
Mcu.Pin72=PG6
Mcu.Pin73=PG7
Mcu.Pin74=PG8
Mcu.Pin75=PC6
Mcu.Pin76=PC7
Mcu.Pin77=PC8
Mcu.Pin78=PC9
Mcu.Pin79=PA8
Mcu.Pin8=PF0
Mcu.Pin80=PA9
Mcu.Pin81=PA10
Mcu.Pin82=PA11
Mcu.Pin83=PA12
Mcu.Pin84=PA13
Mcu.Pin85=PA14
Mcu.Pin86=PA15
Mcu.Pin87=PC10
Mcu.Pin88=PC11
Mcu.Pin89=PC12
Mcu.Pin9=PF1
Mcu.Pin90=PD0
Mcu.Pin91=PD1
Mcu.Pin92=PD2
Mcu.Pin93=PD3
Mcu.Pin94=PD4
Mcu.Pin95=PD5
Mcu.Pin96=PD6
Mcu.Pin97=PD7
Mcu.Pin98=PG9
Mcu.Pin99=PG10
Mcu.PinsNb=117
Mcu.ThirdPartyNb=0
Mcu.UserConstants=
Mcu.UserName=STM32H743ZITx
MxCube.Version=4.26.1
MxDb.Version=DB.4.0.261
NVIC.BusFault_IRQn=true\:0\:0\:false\:false\:true\:false
NVIC.DebugMonitor_IRQn=true\:0\:0\:false\:false\:true\:false
NVIC.EXTI0_IRQn=true\:0\:0\:false\:false\:true\:true
NVIC.EXTI4_IRQn=true\:0\:0\:false\:false\:true\:true
NVIC.HardFault_IRQn=true\:0\:0\:false\:false\:true\:false
NVIC.MemoryManagement_IRQn=true\:0\:0\:false\:false\:true\:false
NVIC.NonMaskableInt_IRQn=true\:0\:0\:false\:false\:true\:false
NVIC.OTG_FS_EP1_IN_IRQn=true\:0\:0\:false\:false\:true\:true
NVIC.OTG_FS_EP1_OUT_IRQn=true\:0\:0\:false\:false\:true\:true
NVIC.OTG_FS_IRQn=true\:0\:0\:false\:false\:true\:false
NVIC.PendSV_IRQn=true\:0\:0\:false\:false\:true\:false
NVIC.PriorityGroup=NVIC_PRIORITYGROUP_4
NVIC.SVCall_IRQn=true\:0\:0\:false\:false\:true\:false
NVIC.SysTick_IRQn=true\:0\:0\:false\:false\:true\:false
NVIC.TIM2_IRQn=true\:0\:0\:false\:false\:true\:true
NVIC.UsageFault_IRQn=true\:0\:0\:false\:false\:true\:false
PA0-WKUP.GPIOParameters=GPIO_Label,GPIO_ModeDefaultEXTI
PA0-WKUP.GPIO_Label=ADP5350_INT_N
PA0-WKUP.GPIO_ModeDefaultEXTI=GPIO_MODE_IT_FALLING
PA0-WKUP.Locked=true
PA0-WKUP.Signal=GPXTI0
PA1.GPIOParameters=GPIO_Label
PA1.GPIO_Label=ADC_CLK_EN
PA1.Locked=true
PA1.Signal=GPIO_Output
PA10.GPIOParameters=GPIO_Speed,GPIO_Label
PA10.GPIO_Label=FIFO_RCLK
PA10.GPIO_Speed=GPIO_SPEED_FREQ_VERY_HIGH
PA10.Locked=true
PA10.Signal=GPIO_Output
PA11.GPIOParameters=GPIO_Speed
PA11.GPIO_Speed=GPIO_SPEED_FREQ_VERY_HIGH
PA11.Locked=true
PA11.Mode=Device_Only
PA11.Signal=USB_OTG_FS_DM
PA12.GPIOParameters=GPIO_Speed
PA12.GPIO_Speed=GPIO_SPEED_FREQ_VERY_HIGH
PA12.Locked=true
PA12.Mode=Device_Only
PA12.Signal=USB_OTG_FS_DP
PA13.Locked=true
PA13.Mode=Trace_Asynchronous_SW
PA13.Signal=SYS_JTMS-SWDIO
PA14.Locked=true
PA14.Mode=Trace_Asynchronous_SW
PA14.Signal=SYS_JTCK-SWCLK
PA15.Mode=NSS_Signal_Hard_Output
PA15.Signal=SPI3_NSS
PA2.Locked=true
PA2.Mode=Asynchronous
PA2.Signal=USART2_TX
PA3.Locked=true
PA3.Mode=Asynchronous
PA3.Signal=USART2_RX
PA4.GPIOParameters=GPIO_Label,GPIO_ModeDefaultEXTI
PA4.GPIO_Label=USB_INT_N
PA4.GPIO_ModeDefaultEXTI=GPIO_MODE_IT_FALLING
PA4.Locked=true
PA4.Signal=GPXTI4
PA5.GPIOParameters=GPIO_Speed,GPIO_Label
PA5.GPIO_Label=AD9834_SCLK
PA5.GPIO_Speed=GPIO_SPEED_FREQ_LOW
PA5.Locked=true
PA5.Mode=Simplex_Bidirectional_Master
PA5.Signal=SPI1_SCK
PA6.GPIOParameters=GPIO_Speed,PinState,GPIO_Label
PA6.GPIO_Label=FIFO_RS_B
PA6.GPIO_Speed=GPIO_SPEED_FREQ_VERY_HIGH
PA6.Locked=true
PA6.PinState=GPIO_PIN_SET
PA6.Signal=GPIO_Output
PA7.GPIOParameters=GPIO_Speed,GPIO_Label
PA7.GPIO_Label=AD9834_SDATA
PA7.GPIO_Speed=GPIO_SPEED_FREQ_LOW
PA7.Locked=true
PA7.Mode=Simplex_Bidirectional_Master
PA7.Signal=SPI1_MOSI
PA8.GPIOParameters=GPIO_Label
PA8.GPIO_Label=QBA11
PA8.Locked=true
PA8.Signal=GPIO_Input
PA9.Locked=true
PA9.Mode=Activate_VBUS
PA9.Signal=USB_OTG_FS_VBUS
PB0.GPIOParameters=GPIO_Label
PB0.GPIO_Label=FIFO_FF_B
PB0.Locked=true
PB0.Signal=GPIO_Input
PB1.GPIOParameters=GPIO_Label
PB1.GPIO_Label=FIFO_HF_B
PB1.Locked=true
PB1.Signal=GPIO_Input
PB10.GPIOParameters=GPIO_Label
PB10.GPIO_Label=QBB6
PB10.Locked=true
PB10.Signal=GPIO_Input
PB11.GPIOParameters=GPIO_Label
PB11.GPIO_Label=QBB7
PB11.Locked=true
PB11.Signal=GPIO_Input
PB12.GPIOParameters=GPIO_Label
PB12.GPIO_Label=QBB8
PB12.Locked=true
PB12.Signal=GPIO_Input
PB13.GPIOParameters=GPIO_Label
PB13.GPIO_Label=QBB9
PB13.Locked=true
PB13.Signal=GPIO_Input
PB14.GPIOParameters=GPIO_Label
PB14.GPIO_Label=QBB10
PB14.Locked=true
PB14.Signal=GPIO_Input
PB15.GPIOParameters=GPIO_Label
PB15.GPIO_Label=QBB11
PB15.Locked=true
PB15.Signal=GPIO_Input
PB2.GPIOParameters=GPIO_Label
PB2.GPIO_Label=BOOT1
PB2.Locked=true
PB2.Signal=EVENTOUT
PB3.Locked=true
PB3.Mode=Trace_Asynchronous_SW
PB3.Signal=SYS_JTDO-SWO
PB4.GPIOParameters=GPIO_Speed,GPIO_Label
PB4.GPIO_Label=DET_SWG4
PB4.GPIO_Speed=GPIO_SPEED_FREQ_VERY_HIGH
PB4.Locked=true
PB4.Signal=GPIO_Output
PB5.GPIOParameters=GPIO_Speed,GPIO_Label
PB5.GPIO_Label=DET_SWE4
PB5.GPIO_Speed=GPIO_SPEED_FREQ_VERY_HIGH
PB5.Locked=true
PB5.Signal=GPIO_Output
PB6.GPIOParameters=GPIO_Speed,GPIO_Label
PB6.GPIO_Label=DET_SWG3
PB6.GPIO_Speed=GPIO_SPEED_FREQ_VERY_HIGH
PB6.Locked=true
PB6.Signal=GPIO_Output
PB7.GPIOParameters=GPIO_Speed,GPIO_Label
PB7.GPIO_Label=DET_SWE3
PB7.GPIO_Speed=GPIO_SPEED_FREQ_VERY_HIGH
PB7.Locked=true
PB7.Signal=GPIO_Output
PB8.GPIOParameters=GPIO_Speed,GPIO_Label
PB8.GPIO_Label=DET_SWG2
PB8.GPIO_Speed=GPIO_SPEED_FREQ_VERY_HIGH
PB8.Locked=true
PB8.Signal=GPIO_Output
PB9.GPIOParameters=GPIO_Speed,GPIO_Label,GPIO_FM9
PB9.GPIO_FM9=__NULL
PB9.GPIO_Label=DET_SWE2
PB9.GPIO_Speed=GPIO_SPEED_FREQ_VERY_HIGH
PB9.Locked=true
PB9.Signal=GPIO_Output
PC0.GPIOParameters=GPIO_Speed,GPIO_Label
PC0.GPIO_Label=EXC_SWG4
PC0.GPIO_Speed=GPIO_SPEED_FREQ_VERY_HIGH
PC0.Locked=true
PC0.Signal=GPIO_Output
PC1.GPIOParameters=GPIO_Label
PC1.GPIO_Label=FIFO_FF_A
PC1.Locked=true
PC1.Signal=GPIO_Input
PC10.Mode=Simplex_Bidirectional_Master
PC10.Signal=SPI3_SCK
PC11.GPIOParameters=GPIO_Speed,PinState,GPIO_Label
PC11.GPIO_Label=FIFO_WEN_A
PC11.GPIO_Speed=GPIO_SPEED_FREQ_VERY_HIGH
PC11.Locked=true
PC11.PinState=GPIO_PIN_SET
PC11.Signal=GPIO_Output
PC12.Mode=Simplex_Bidirectional_Master
PC12.Signal=SPI3_MOSI
PC13.GPIOParameters=GPIO_Label
PC13.GPIO_Label=FIFO_EF_A
PC13.Locked=true
PC13.Signal=GPIO_Input
PC14-OSC32_IN.Locked=true
PC14-OSC32_IN.Mode=LSE-External-Oscillator
PC14-OSC32_IN.Signal=RCC_OSC32_IN
PC15-OSC32_OUT.Locked=true
PC15-OSC32_OUT.Mode=LSE-External-Oscillator
PC15-OSC32_OUT.Signal=RCC_OSC32_OUT
PC2_C.GPIOParameters=GPIO_Speed,GPIO_Label
PC2_C.GPIO_Label=EXC_SWE4
PC2_C.GPIO_Speed=GPIO_SPEED_FREQ_VERY_HIGH
PC2_C.Locked=true
PC2_C.Signal=GPIO_Output
PC3_C.GPIOParameters=GPIO_Speed,GPIO_Label
PC3_C.GPIO_Label=EXC_SWG8
PC3_C.GPIO_Speed=GPIO_SPEED_FREQ_VERY_HIGH
PC3_C.Locked=true
PC3_C.Signal=GPIO_Output
PC4.GPIOParameters=GPIO_Speed,PinState,GPIO_Label
PC4.GPIO_Label=AD9834_FSYNC
PC4.GPIO_Speed=GPIO_SPEED_FREQ_LOW
PC4.Locked=true
PC4.PinState=GPIO_PIN_SET
PC4.Signal=GPIO_Output
PC5.GPIOParameters=GPIO_Speed,PinState,GPIO_Label
PC5.GPIO_Label=FIFO_WEN_B
PC5.GPIO_Speed=GPIO_SPEED_FREQ_VERY_HIGH
PC5.Locked=true
PC5.PinState=GPIO_PIN_SET
PC5.Signal=GPIO_Output
PC6.GPIOParameters=GPIO_Label
PC6.GPIO_Label=QBA7
PC6.Locked=true
PC6.Signal=GPIO_Input
PC7.GPIOParameters=GPIO_Label
PC7.GPIO_Label=QBA8
PC7.Locked=true
PC7.Signal=GPIO_Input
PC8.GPIOParameters=GPIO_Label
PC8.GPIO_Label=QBA9
PC8.Locked=true
PC8.Signal=GPIO_Input
PC9.GPIOParameters=GPIO_Label
PC9.GPIO_Label=QBA10
PC9.Locked=true
PC9.Signal=GPIO_Input
PCC.Checker=false
PCC.Line=STM32H743/753
PCC.MCU=STM32H743ZITx
PCC.PartNumber=STM32H743ZITx
PCC.Seq0=0
PCC.Series=STM32H7
PCC.Temperature=25
PCC.Vdd=3.0
PD0.GPIOParameters=GPIO_Label
PD0.GPIO_Label=QBA12
PD0.Locked=true
PD0.Signal=GPIO_Input
PD1.GPIOParameters=GPIO_Label
PD1.GPIO_Label=QBA13
PD1.Locked=true
PD1.Signal=GPIO_Input
PD10.GPIOParameters=GPIO_Label
PD10.GPIO_Label=QBB14
PD10.Locked=true
PD10.Signal=GPIO_Input
PD11.GPIOParameters=GPIO_Label
PD11.GPIO_Label=QBB15
PD11.Locked=true
PD11.Signal=GPIO_Input
PD12.GPIOParameters=GPIO_Label
PD12.GPIO_Label=ADC_ORB
PD12.Locked=true
PD12.Signal=GPIO_Input
PD13.GPIOParameters=GPIO_Speed,PinState,GPIO_Label
PD13.GPIO_Label=FIFO_REN_A
PD13.GPIO_Speed=GPIO_SPEED_FREQ_VERY_HIGH
PD13.Locked=true
PD13.PinState=GPIO_PIN_SET
PD13.Signal=GPIO_Output
PD14.GPIOParameters=GPIO_Speed,GPIO_Label
PD14.GPIO_Label=HVOUT_EN
PD14.GPIO_Speed=GPIO_SPEED_FREQ_LOW
PD14.Locked=true
PD14.Signal=GPIO_Output
PD15.GPIOParameters=GPIO_Label
PD15.GPIO_Label=FIFO_EF_B
PD15.Locked=true
PD15.Signal=GPIO_Input
PD2.GPIOParameters=GPIO_Label
PD2.GPIO_Label=QBA14
PD2.Locked=true
PD2.Signal=GPIO_Input
PD3.GPIOParameters=GPIO_Label
PD3.GPIO_Label=QBA15
PD3.Locked=true
PD3.Signal=GPIO_Input
PD4.GPIOParameters=GPIO_Label
PD4.GPIO_Label=ADC_ORA
PD4.Locked=true
PD4.Signal=GPIO_Input
PD5.GPIOParameters=GPIO_Speed,PinState,GPIO_Label
PD5.GPIO_Label=ADC_OEB
PD5.GPIO_Speed=GPIO_SPEED_FREQ_MEDIUM
PD5.Locked=true
PD5.PinState=GPIO_PIN_SET
PD5.Signal=GPIO_Output
PD6.GPIOParameters=GPIO_Speed,PinState,GPIO_Label
PD6.GPIO_Label=ADC_PDWN
PD6.GPIO_Speed=GPIO_SPEED_FREQ_MEDIUM
PD6.Locked=true
PD6.PinState=GPIO_PIN_SET
PD6.Signal=GPIO_Output
PD7.GPIOParameters=GPIO_Speed,GPIO_Label
PD7.GPIO_Label=DET_SWE6
PD7.GPIO_Speed=GPIO_SPEED_FREQ_VERY_HIGH
PD7.Locked=true
PD7.Signal=GPIO_Output
PD8.GPIOParameters=GPIO_Label
PD8.GPIO_Label=QBB12
PD8.Locked=true
PD8.Signal=GPIO_Input
PD9.GPIOParameters=GPIO_Label
PD9.GPIO_Label=QBB13
PD9.Locked=true
PD9.Signal=GPIO_Input
PE0.GPIOParameters=GPIO_Speed,GPIO_Label
PE0.GPIO_Label=DET_SWG1
PE0.GPIO_Speed=GPIO_SPEED_FREQ_VERY_HIGH
PE0.Locked=true
PE0.Signal=GPIO_Output
PE1.GPIOParameters=GPIO_Speed,GPIO_Label
PE1.GPIO_Label=DET_SWE1
PE1.GPIO_Speed=GPIO_SPEED_FREQ_VERY_HIGH
PE1.Locked=true
PE1.Signal=GPIO_Output
PE10.GPIOParameters=GPIO_Label
PE10.GPIO_Label=QBB0
PE10.Locked=true
PE10.Signal=GPIO_Input
PE11.GPIOParameters=GPIO_Label
PE11.GPIO_Label=QBB1
PE11.Locked=true
PE11.Signal=GPIO_Input
PE12.GPIOParameters=GPIO_Label
PE12.GPIO_Label=QBB2
PE12.Locked=true
PE12.Signal=GPIO_Input
PE13.GPIOParameters=GPIO_Label
PE13.GPIO_Label=QBB3
PE13.Locked=true
PE13.Signal=GPIO_Input
PE14.GPIOParameters=GPIO_Label
PE14.GPIO_Label=QBB4
PE14.Locked=true
PE14.Signal=GPIO_Input
PE15.GPIOParameters=GPIO_Label
PE15.GPIO_Label=QBB5
PE15.Locked=true
PE15.Signal=GPIO_Input
PE2.GPIOParameters=GPIO_Speed,GPIO_Label
PE2.GPIO_Label=DET_MUX_A1
PE2.GPIO_Speed=GPIO_SPEED_FREQ_VERY_HIGH
PE2.Locked=true
PE2.Signal=GPIO_Output
PE3.GPIOParameters=GPIO_Speed,GPIO_Label
PE3.GPIO_Label=DET_MUX_A0
PE3.GPIO_Speed=GPIO_SPEED_FREQ_VERY_HIGH
PE3.Locked=true
PE3.Signal=GPIO_Output
PE4.GPIOParameters=GPIO_Speed,GPIO_Label
PE4.GPIO_Label=DET_MUX_EN
PE4.GPIO_Speed=GPIO_SPEED_FREQ_VERY_HIGH
PE4.Locked=true
PE4.Signal=GPIO_Output
PE5.GPIOParameters=GPIO_Speed,GPIO_Label
PE5.GPIO_Label=EXC_MUX_A2
PE5.GPIO_Speed=GPIO_SPEED_FREQ_VERY_HIGH
PE5.Locked=true
PE5.Signal=GPIO_Output
PE6.GPIOParameters=GPIO_Speed,GPIO_Label
PE6.GPIO_Label=EXC_MUX_A1
PE6.GPIO_Speed=GPIO_SPEED_FREQ_VERY_HIGH
PE6.Locked=true
PE6.Signal=GPIO_Output
PE7.GPIOParameters=GPIO_Speed,GPIO_Label
PE7.GPIO_Label=EXC_SWE7
PE7.GPIO_Speed=GPIO_SPEED_FREQ_VERY_HIGH
PE7.Locked=true
PE7.Signal=GPIO_Output
PE8.GPIOParameters=GPIO_Speed,GPIO_Label
PE8.GPIO_Label=EXC_SWE6
PE8.GPIO_Speed=GPIO_SPEED_FREQ_VERY_HIGH
PE8.Locked=true
PE8.Signal=GPIO_Output
PE9.GPIOParameters=GPIO_Speed,GPIO_Label
PE9.GPIO_Label=EXC_SWE5
PE9.GPIO_Speed=GPIO_SPEED_FREQ_VERY_HIGH
PE9.Locked=true
PE9.Signal=GPIO_Output
PF0.GPIOParameters=GPIO_Speed,PinState,GPIO_Label
PF0.GPIO_Label=FIFO_RS_A
PF0.GPIO_Speed=GPIO_SPEED_FREQ_VERY_HIGH
PF0.Locked=true
PF0.PinState=GPIO_PIN_SET
PF0.Signal=GPIO_Output
PF1.GPIOParameters=GPIO_Label
PF1.GPIO_Label=FIFO_HF_A
PF1.Locked=true
PF1.Signal=GPIO_Input
PF10.GPIOParameters=GPIO_Speed,GPIO_Label
PF10.GPIO_Label=EXC_SWE3
PF10.GPIO_Speed=GPIO_SPEED_FREQ_VERY_HIGH
PF10.Locked=true
PF10.Signal=GPIO_Output
PF11.GPIOParameters=GPIO_Speed,GPIO_Label
PF11.GPIO_Label=EXC_SWG7
PF11.GPIO_Speed=GPIO_SPEED_FREQ_VERY_HIGH
PF11.Locked=true
PF11.Signal=GPIO_Output
PF12.GPIOParameters=GPIO_Speed,GPIO_Label
PF12.GPIO_Label=EXC_SWG6
PF12.GPIO_Speed=GPIO_SPEED_FREQ_VERY_HIGH
PF12.Locked=true
PF12.Signal=GPIO_Output
PF13.GPIOParameters=GPIO_Speed,PinState,GPIO_Label
PF13.GPIO_Label=FIFO_REN_B
PF13.GPIO_Speed=GPIO_SPEED_FREQ_VERY_HIGH
PF13.Locked=true
PF13.PinState=GPIO_PIN_SET
PF13.Signal=GPIO_Output
PF14.Locked=true
PF14.Mode=I2C
PF14.Signal=I2C4_SCL
PF15.Locked=true
PF15.Mode=I2C
PF15.Signal=I2C4_SDA
PF2.GPIOParameters=GPIO_Speed,GPIO_Label
PF2.GPIO_Label=EXC_MUX_A0
PF2.GPIO_Speed=GPIO_SPEED_FREQ_VERY_HIGH
PF2.Locked=true
PF2.Signal=GPIO_Output
PF3.GPIOParameters=GPIO_Speed,GPIO_Label
PF3.GPIO_Label=EXC_MUX_EN
PF3.GPIO_Speed=GPIO_SPEED_FREQ_VERY_HIGH
PF3.Locked=true
PF3.Signal=GPIO_Output
PF4.GPIOParameters=GPIO_Speed,GPIO_Label
PF4.GPIO_Label=DET_MUX_A2
PF4.GPIO_Speed=GPIO_SPEED_FREQ_VERY_HIGH
PF4.Locked=true
PF4.Signal=GPIO_Output
PF5.GPIOParameters=GPIO_Speed,GPIO_Label
PF5.GPIO_Label=EXC_SWG1
PF5.GPIO_Speed=GPIO_SPEED_FREQ_VERY_HIGH
PF5.Locked=true
PF5.Signal=GPIO_Output
PF6.GPIOParameters=GPIO_Speed,GPIO_Label
PF6.GPIO_Label=EXC_SWE1
PF6.GPIO_Speed=GPIO_SPEED_FREQ_VERY_HIGH
PF6.Locked=true
PF6.Signal=GPIO_Output
PF7.GPIOParameters=GPIO_Speed,GPIO_Label
PF7.GPIO_Label=EXC_SWG2
PF7.GPIO_Speed=GPIO_SPEED_FREQ_VERY_HIGH
PF7.Locked=true
PF7.Signal=GPIO_Output
PF8.GPIOParameters=GPIO_Speed,GPIO_Label
PF8.GPIO_Label=EXC_SWE2
PF8.GPIO_Speed=GPIO_SPEED_FREQ_VERY_HIGH
PF8.Locked=true
PF8.Signal=GPIO_Output
PF9.GPIOParameters=GPIO_Speed,GPIO_Label
PF9.GPIO_Label=EXC_SWG3
PF9.GPIO_Speed=GPIO_SPEED_FREQ_VERY_HIGH
PF9.Locked=true
PF9.Signal=GPIO_Output
PG0.GPIOParameters=GPIO_Speed,GPIO_Label
PG0.GPIO_Label=EXC_SWG5
PG0.GPIO_Speed=GPIO_SPEED_FREQ_VERY_HIGH
PG0.Locked=true
PG0.Signal=GPIO_Output
PG1.GPIOParameters=GPIO_Speed,GPIO_Label
PG1.GPIO_Label=EXC_SWE8
PG1.GPIO_Speed=GPIO_SPEED_FREQ_VERY_HIGH
PG1.Locked=true
PG1.Signal=GPIO_Output
PG10.GPIOParameters=GPIO_Speed,GPIO_Label
PG10.GPIO_Label=DET_SWE8
PG10.GPIO_Speed=GPIO_SPEED_FREQ_VERY_HIGH
PG10.Locked=true
PG10.Signal=GPIO_Output
PG11.GPIOParameters=GPIO_Speed,GPIO_Label
PG11.GPIO_Label=DET_SWE7
PG11.GPIO_Speed=GPIO_SPEED_FREQ_VERY_HIGH
PG11.Locked=true
PG11.Signal=GPIO_Output
PG12.GPIOParameters=GPIO_Speed,GPIO_Label
PG12.GPIO_Label=DET_SWG6
PG12.GPIO_Speed=GPIO_SPEED_FREQ_VERY_HIGH
PG12.Locked=true
PG12.Signal=GPIO_Output
PG13.GPIOParameters=GPIO_Speed,GPIO_Label
PG13.GPIO_Label=DET_SWG5
PG13.GPIO_Speed=GPIO_SPEED_FREQ_VERY_HIGH
PG13.Locked=true
PG13.Signal=GPIO_Output
PG14.GPIOParameters=GPIO_Speed,GPIO_Label
PG14.GPIO_Label=DET_SWG8
PG14.GPIO_Speed=GPIO_SPEED_FREQ_VERY_HIGH
PG14.Locked=true
PG14.Signal=GPIO_Output
PG15.GPIOParameters=GPIO_Speed,GPIO_Label
PG15.GPIO_Label=DET_SWG7
PG15.GPIO_Speed=GPIO_SPEED_FREQ_VERY_HIGH
PG15.Locked=true
PG15.Signal=GPIO_Output
PG2.GPIOParameters=GPIO_Label
PG2.GPIO_Label=QBA0
PG2.Locked=true
PG2.Signal=GPIO_Input
PG3.GPIOParameters=GPIO_Label
PG3.GPIO_Label=QBA1
PG3.Locked=true
PG3.Signal=GPIO_Input
PG4.GPIOParameters=GPIO_Label
PG4.GPIO_Label=QBA2
PG4.Locked=true
PG4.Signal=GPIO_Input
PG5.GPIOParameters=GPIO_Label
PG5.GPIO_Label=QBA3
PG5.Locked=true
PG5.Signal=GPIO_Input
PG6.GPIOParameters=GPIO_Label
PG6.GPIO_Label=QBA4
PG6.Locked=true
PG6.Signal=GPIO_Input
PG7.GPIOParameters=GPIO_Label
PG7.GPIO_Label=QBA5
PG7.Locked=true
PG7.Signal=GPIO_Input
PG8.GPIOParameters=GPIO_Label
PG8.GPIO_Label=QBA6
PG8.Locked=true
PG8.Signal=GPIO_Input
PG9.GPIOParameters=GPIO_Speed,GPIO_Label
PG9.GPIO_Label=DET_SWE5
PG9.GPIO_Speed=GPIO_SPEED_FREQ_VERY_HIGH
PG9.Locked=true
PG9.Signal=GPIO_Output
PH0-OSC_IN.Locked=true
PH0-OSC_IN.Mode=HSE-External-Oscillator
PH0-OSC_IN.Signal=RCC_OSC_IN
PH1-OSC_OUT.Locked=true
PH1-OSC_OUT.Mode=HSE-External-Oscillator
PH1-OSC_OUT.Signal=RCC_OSC_OUT
PinOutPanel.RotationAngle=180
ProjectManager.AskForMigrate=false
ProjectManager.BackupPrevious=false
ProjectManager.CompilerOptimize=6
ProjectManager.ComputerToolchain=false
ProjectManager.CoupleFile=false
ProjectManager.CustomerFirmwarePackage=
ProjectManager.DefaultFWLocation=true
ProjectManager.DeletePrevious=true
ProjectManager.DeviceId=STM32H743ZITx
ProjectManager.FirmwarePackage=STM32Cube FW_H7 V1.3.0
ProjectManager.FreePins=false
ProjectManager.HalAssertFull=false
ProjectManager.HeapSize=0x400
ProjectManager.KeepUserCode=true
ProjectManager.LastFirmware=true
ProjectManager.LibraryCopy=1
ProjectManager.MainLocation=Src
ProjectManager.NoMain=false
ProjectManager.PreviousToolchain=SW4STM32
ProjectManager.ProjectBuild=false
ProjectManager.ProjectFileName=MCU_Module.ioc
ProjectManager.ProjectName=MCU_Module
ProjectManager.StackSize=0x400
ProjectManager.TargetToolchain=SW4STM32
ProjectManager.ToolChainLocation=
ProjectManager.UnderRoot=true
ProjectManager.functionlistsort=1-MX_GPIO_Init-GPIO-false-HAL-true,2-SystemClock_Config-RCC-false-HAL-false,3-MX_CORTEX_M7_Init-CORTEX_M7-false-HAL-true,4-MX_USART2_UART_Init-USART2-false-HAL-true,5-MX_USB_DEVICE_Init-USB_DEVICE-false-HAL-true,6-MX_TIM2_Init-TIM2-false-HAL-true,7-MX_I2C4_Init-I2C4-false-HAL-true,8-MX_SPI1_Init-SPI1-false-HAL-true,9-MX_SPI3_Init-SPI3-false-HAL-true
RCC.ADCFreq_Value=16125000
RCC.AHB12Freq_Value=192400000
RCC.AHB4Freq_Value=192400000
RCC.APB1Freq_Value=96200000
RCC.APB2Freq_Value=96200000
RCC.APB3Freq_Value=96200000
RCC.APB4Freq_Value=96200000
RCC.AXIClockFreq_Value=192400000
RCC.CECFreq_Value=32000
RCC.CKPERFreq_Value=64000000
RCC.CortexFreq_Value=384800000
RCC.CpuClockFreq_Value=384800000
RCC.D1CPREFreq_Value=384800000
RCC.D1PPRE=RCC_APB3_DIV2
RCC.D2PPRE1=RCC_APB1_DIV2
RCC.D2PPRE2=RCC_APB2_DIV2
RCC.D3PPRE=RCC_APB4_DIV2
RCC.DFSDMACLkFreq_Value=48100000
RCC.DFSDMFreq_Value=96200000
RCC.DIVM1=5
RCC.DIVN1=481
RCC.DIVP1Freq_Value=384800000
RCC.DIVP2Freq_Value=16125000
RCC.DIVP3Freq_Value=16125000
RCC.DIVQ1=16
RCC.DIVQ1Freq_Value=48100000
RCC.DIVQ2Freq_Value=16125000
RCC.DIVQ3Freq_Value=16125000
RCC.DIVR1Freq_Value=384800000
RCC.DIVR2Freq_Value=16125000
RCC.DIVR3Freq_Value=16125000
RCC.FDCANFreq_Value=48100000
RCC.FMCFreq_Value=192400000
RCC.FamilyName=M
RCC.HCLK3ClockFreq_Value=192400000
RCC.HCLKFreq_Value=192400000
RCC.HPRE=RCC_HCLK_DIV2
RCC.HRTIMFreq_Value=192400000
RCC.HSE_VALUE=8000000
RCC.I2C123Freq_Value=96200000
RCC.I2C4Freq_Value=96200000
RCC.IPParameters=ADCFreq_Value,AHB12Freq_Value,AHB4Freq_Value,APB1Freq_Value,APB2Freq_Value,APB3Freq_Value,APB4Freq_Value,AXIClockFreq_Value,CECFreq_Value,CKPERFreq_Value,CortexFreq_Value,CpuClockFreq_Value,D1CPREFreq_Value,D1PPRE,D2PPRE1,D2PPRE2,D3PPRE,DFSDMACLkFreq_Value,DFSDMFreq_Value,DIVM1,DIVN1,DIVP1Freq_Value,DIVP2Freq_Value,DIVP3Freq_Value,DIVQ1,DIVQ1Freq_Value,DIVQ2Freq_Value,DIVQ3Freq_Value,DIVR1Freq_Value,DIVR2Freq_Value,DIVR3Freq_Value,FDCANFreq_Value,FMCFreq_Value,FamilyName,HCLK3ClockFreq_Value,HCLKFreq_Value,HPRE,HRTIMFreq_Value,HSE_VALUE,I2C123Freq_Value,I2C4Freq_Value,LPTIM1Freq_Value,LPTIM2Freq_Value,LPTIM345Freq_Value,LPUART1Freq_Value,LTDCFreq_Value,MCO1PinFreq_Value,MCO2PinFreq_Value,PLLSourceVirtual,QSPIFreq_Value,RNGFreq_Value,RTCClockSelection,RTCFreq_Value,SAI1Freq_Value,SAI23Freq_Value,SAI4AFreq_Value,SAI4BFreq_Value,SDMMCFreq_Value,SPDIFRXFreq_Value,SPI123Freq_Value,SPI45Freq_Value,SPI6Freq_Value,SWPMI1Freq_Value,SYSCLKFreq_VALUE,SYSCLKSource,Tim1OutputFreq_Value,Tim2OutputFreq_Value,USART16Freq_Value,USART234578Freq_Value,USBCLockSelection,USBFreq_Value,VCO1OutputFreq_Value,VCO2OutputFreq_Value,VCO3OutputFreq_Value,VCOInput1Freq_Value,VCOInput2Freq_Value,VCOInput3Freq_Value
RCC.LPTIM1Freq_Value=96200000
RCC.LPTIM2Freq_Value=96200000
RCC.LPTIM345Freq_Value=96200000
RCC.LPUART1Freq_Value=96200000
RCC.LTDCFreq_Value=16125000
RCC.MCO1PinFreq_Value=64000000
RCC.MCO2PinFreq_Value=384800000
RCC.PLLSourceVirtual=RCC_PLLSOURCE_HSE
RCC.QSPIFreq_Value=192400000
RCC.RNGFreq_Value=48000000
RCC.RTCClockSelection=RCC_RTCCLKSOURCE_LSE
RCC.RTCFreq_Value=32768
RCC.SAI1Freq_Value=48100000
RCC.SAI23Freq_Value=48100000
RCC.SAI4AFreq_Value=48100000
RCC.SAI4BFreq_Value=48100000
RCC.SDMMCFreq_Value=48100000
RCC.SPDIFRXFreq_Value=48100000
RCC.SPI123Freq_Value=48100000
RCC.SPI45Freq_Value=96200000
RCC.SPI6Freq_Value=96200000
RCC.SWPMI1Freq_Value=96200000
RCC.SYSCLKFreq_VALUE=384800000
RCC.SYSCLKSource=RCC_SYSCLKSOURCE_PLLCLK
RCC.Tim1OutputFreq_Value=192400000
RCC.Tim2OutputFreq_Value=192400000
RCC.USART16Freq_Value=96200000
RCC.USART234578Freq_Value=96200000
RCC.USBCLockSelection=RCC_USBCLKSOURCE_HSI48
RCC.USBFreq_Value=48000000
RCC.VCO1OutputFreq_Value=769600000
RCC.VCO2OutputFreq_Value=32250000
RCC.VCO3OutputFreq_Value=32250000
RCC.VCOInput1Freq_Value=1600000
RCC.VCOInput2Freq_Value=250000
RCC.VCOInput3Freq_Value=250000
SH.GPXTI0.0=GPIO_EXTI0
SH.GPXTI0.ConfNb=1
SH.GPXTI4.0=GPIO_EXTI4
SH.GPXTI4.ConfNb=1
SPI1.BaudRatePrescaler=SPI_BAUDRATEPRESCALER_32
SPI1.CLKPhase=SPI_PHASE_1EDGE
SPI1.CLKPolarity=SPI_POLARITY_HIGH
SPI1.CalculateBaudRate=1.503125 MBits/s
SPI1.DataSize=SPI_DATASIZE_16BIT
SPI1.Direction=SPI_DIRECTION_1LINE
SPI1.IPParameters=VirtualType,Mode,Direction,CalculateBaudRate,DataSize,BaudRatePrescaler,CLKPolarity,CLKPhase
SPI1.Mode=SPI_MODE_MASTER
SPI1.VirtualType=VM_MASTER
SPI3.BaudRatePrescaler=SPI_BAUDRATEPRESCALER_32
SPI3.CalculateBaudRate=1.503125 MBits/s
SPI3.DataSize=SPI_DATASIZE_8BIT
SPI3.Direction=SPI_DIRECTION_1LINE
SPI3.IPParameters=VirtualType,Mode,Direction,CalculateBaudRate,VirtualNSS,DataSize,BaudRatePrescaler
SPI3.Mode=SPI_MODE_MASTER
SPI3.VirtualNSS=VM_NSSHARD
SPI3.VirtualType=VM_MASTER
TIM2.CounterMode=TIM_COUNTERMODE_DOWN
TIM2.IPParameters=CounterMode,Period,Prescaler,TIM_MasterOutputTrigger
TIM2.Period=18500
TIM2.Prescaler=52000
TIM2.TIM_MasterOutputTrigger=TIM_TRGO_UPDATE
USART2.IPParameters=VirtualMode-Asynchronous
USART2.VirtualMode-Asynchronous=VM_ASYNC
USB_DEVICE.CLASS_NAME_FS=CDC
USB_DEVICE.IPParameters=VirtualMode-CDC_FS,VirtualModeFS,CLASS_NAME_FS,VID-CDC_FS,PID_CDC_FS
USB_DEVICE.PID_CDC_FS=0x5740
USB_DEVICE.VID-CDC_FS=0x483
USB_DEVICE.VirtualMode-CDC_FS=Cdc
USB_DEVICE.VirtualModeFS=Cdc_FS
USB_OTG_FS.IPParameters=VirtualMode
USB_OTG_FS.VirtualMode=Device_Only
VP_SYS_VS_Systick.Mode=SysTick
VP_SYS_VS_Systick.Signal=SYS_VS_Systick
VP_TIM2_VS_ClockSourceINT.Mode=Internal
VP_TIM2_VS_ClockSourceINT.Signal=TIM2_VS_ClockSourceINT
VP_USB_DEVICE_VS_USB_DEVICE_CDC_FS.Mode=CDC_FS
VP_USB_DEVICE_VS_USB_DEVICE_CDC_FS.Signal=USB_DEVICE_VS_USB_DEVICE_CDC_FS
board=custom
